
Microsoft Visual Studio Solution File, Format Version 10.00
# Visual Studio 2008
Project("{8BC9CEB8-8B4A-11D0-8D11-00A0C91BC942}") = "MVC_TEST", "MVC_TEST\MVC_TEST.vcproj", "{0AC6B125-63A2-4070-A464-240AB6623FE6}"
EndProject
Global
	GlobalSection(SolutionConfigurationPlatforms) = preSolution
		Debug|Win32 = Debug|Win32
		Release|Win32 = Release|Win32
	EndGlobalSection
	GlobalSection(ProjectConfigurationPlatforms) = postSolution
		{0AC6B125-63A2-4070-A464-240AB6623FE6}.Debug|Win32.ActiveCfg = Debug|Win32
		{0AC6B125-63A2-4070-A464-240AB6623FE6}.Debug|Win32.Build.0 = Debug|Win32
		{0AC6B125-63A2-4070-A464-240AB6623FE6}.Release|Win32.ActiveCfg = Release|Win32
		{0AC6B125-63A2-4070-A464-240AB6623FE6}.Release|Win32.Build.0 = Release|Win32
	EndGlobalSection
	GlobalSection(SolutionProperties) = preSolution
		HideSolutionNode = FALSE
	EndGlobalSection
EndGlobal
