<?xml version="1.0" encoding="utf-8"?>
<Project ToolsVersion="4.0" xmlns="http://schemas.microsoft.com/developer/msbuild/2003">
  <ItemGroup>
    <Filter Include="Source Files">
      <UniqueIdentifier>{4FC737F1-C7A5-4376-A066-2A32D752A2FF}</UniqueIdentifier>
      <Extensions>cpp;c;cc;cxx;def;odl;idl;hpj;bat;asm;asmx</Extensions>
    </Filter>
    <Filter Include="Header Files">
      <UniqueIdentifier>{93995380-89BD-4b04-88EB-625FBE52EBFB}</UniqueIdentifier>
      <Extensions>h;hh;hpp;hxx;hm;inl;inc;xsd</Extensions>
    </Filter>
    <Filter Include="Resource Files">
      <UniqueIdentifier>{67DA6AB6-F800-4c08-8B7A-83BB121AAD01}</UniqueIdentifier>
      <Extensions>rc;ico;cur;bmp;dlg;rc2;rct;bin;rgs;gif;jpg;jpeg;jpe;resx;tiff;tif;png;wav;mfcribbon-ms</Extensions>
    </Filter>
    <Filter Include="Source Files\브루트포스">
      <UniqueIdentifier>{1c39e664-ded2-4c78-bd5a-c6d730524586}</UniqueIdentifier>
    </Filter>
    <Filter Include="Source Files\DP">
      <UniqueIdentifier>{74d62cd4-85b3-4f96-9690-4fb2e150e366}</UniqueIdentifier>
    </Filter>
    <Filter Include="Source Files\KakaoCt">
      <UniqueIdentifier>{9891c640-969b-465a-8a91-bc5394293a95}</UniqueIdentifier>
    </Filter>
    <Filter Include="Source Files\Math">
      <UniqueIdentifier>{f8c33c2f-4a02-46e2-97bf-3758acaea948}</UniqueIdentifier>
    </Filter>
    <Filter Include="Source Files\이분탐색">
      <UniqueIdentifier>{46abba85-03df-4840-94d4-9c720386a123}</UniqueIdentifier>
    </Filter>
    <Filter Include="Source Files\시뮬레이션">
      <UniqueIdentifier>{b8615a75-86b0-4d02-97fa-6b6e67444f0d}</UniqueIdentifier>
    </Filter>
    <Filter Include="Source Files\DFS">
      <UniqueIdentifier>{13e0cd84-b1eb-48a6-b906-7ad56127fda2}</UniqueIdentifier>
    </Filter>
    <Filter Include="Source Files\네이버">
      <UniqueIdentifier>{364b6f31-8afd-413a-9be7-f6fbf9cc5e92}</UniqueIdentifier>
    </Filter>
    <Filter Include="Source Files\위상정렬">
      <UniqueIdentifier>{8dee4d3c-6db3-41bc-8102-a04dadf678cd}</UniqueIdentifier>
    </Filter>
    <Filter Include="Source Files\알고리즘">
      <UniqueIdentifier>{cf44288c-703f-43f7-a324-f4846aac8646}</UniqueIdentifier>
    </Filter>
    <Filter Include="Source Files\BFS">
      <UniqueIdentifier>{6621e6f1-3b8f-4dc5-a13f-c48e31f7d1e1}</UniqueIdentifier>
    </Filter>
    <Filter Include="Source Files\쿠팡CT">
      <UniqueIdentifier>{ef62b607-89f4-480f-86ea-a6ed64780132}</UniqueIdentifier>
    </Filter>
    <Filter Include="Source Files\자료구조활용">
      <UniqueIdentifier>{a9b7d591-b383-4153-b291-411b95b27f3f}</UniqueIdentifier>
    </Filter>
  </ItemGroup>
  <ItemGroup>
    <ClCompile Include="백준7568_덩치.cpp">
      <Filter>Source Files\브루트포스</Filter>
    </ClCompile>
    <ClCompile Include="Basic.cpp">
      <Filter>Source Files</Filter>
    </ClCompile>
    <ClCompile Include="백준3665_최종순위.cpp">
      <Filter>Source Files\위상정렬</Filter>
    </ClCompile>
    <ClCompile Include="강의_위상정렬.cpp">
      <Filter>Source Files\위상정렬</Filter>
    </ClCompile>
    <ClCompile Include="Test1_민석SOL.cpp">
      <Filter>Source Files\KakaoCt</Filter>
    </ClCompile>
    <ClCompile Include="Test1_승봉Sol.cpp">
      <Filter>Source Files\KakaoCt</Filter>
    </ClCompile>
    <ClCompile Include="Test3_민석Sol.cpp">
      <Filter>Source Files\KakaoCt</Filter>
    </ClCompile>
    <ClCompile Include="Test3_승봉Sol.cpp">
      <Filter>Source Files\KakaoCt</Filter>
    </ClCompile>
    <ClCompile Include="백준2798_블랙잭.cpp">
      <Filter>Source Files\브루트포스</Filter>
    </ClCompile>
    <ClCompile Include="강의_연속자연수합(단순수리).cpp">
      <Filter>Source Files\Math</Filter>
    </ClCompile>
    <ClCompile Include="P_[1차] 캐시.cpp">
      <Filter>Source Files\시뮬레이션</Filter>
    </ClCompile>
    <ClCompile Include="P_불량사용자_민석.cpp">
      <Filter>Source Files\DFS</Filter>
    </ClCompile>
    <ClCompile Include="1.cpp">
      <Filter>Source Files\네이버</Filter>
    </ClCompile>
    <ClCompile Include="2.cpp">
      <Filter>Source Files\네이버</Filter>
    </ClCompile>
    <ClCompile Include="3.cpp">
      <Filter>Source Files\네이버</Filter>
    </ClCompile>
    <ClCompile Include="temp.cpp">
      <Filter>Source Files\네이버</Filter>
    </ClCompile>
    <ClCompile Include="P_블량사용자.cpp">
      <Filter>Source Files\시뮬레이션</Filter>
    </ClCompile>
    <ClCompile Include="강의_뮤직비디오(이분검색).cpp">
      <Filter>Source Files\이분탐색</Filter>
    </ClCompile>
    <ClCompile Include="P_GPS.cpp">
      <Filter>Source Files\DP</Filter>
    </ClCompile>
    <ClCompile Include="P_기지국설치.cpp">
      <Filter>Source Files\Math</Filter>
    </ClCompile>
    <ClCompile Include="강의_60_합이같은부분집합_아마존인터뷰.cpp">
      <Filter>Source Files</Filter>
    </ClCompile>
    <ClCompile Include="강의_68_최소 비용 가중치 방향그래프 인접 리스트vector STL pair 자료구조.cpp">
      <Filter>Source Files</Filter>
    </ClCompile>
    <ClCompile Include="강의_86 피자 배달 거리(삼성 SW역량평가 기출문제  DFS활용.cpp">
      <Filter>Source Files\DFS</Filter>
    </ClCompile>
    <ClCompile Include="강의_82_순열구하기(DFS  Depth First Search).cpp">
      <Filter>Source Files\DFS</Filter>
    </ClCompile>
    <ClCompile Include="강의_85 수식만들기%28삼성 SW역량평가 기출문제  DFS활용%29.cpp">
      <Filter>Source Files\DFS</Filter>
    </ClCompile>
    <ClCompile Include="강의_84 휴가(삼성 SW역량평가 기출문제 DFS활용).cpp">
      <Filter>Source Files\DFS</Filter>
    </ClCompile>
    <ClCompile Include="강의_85_1_조합(Combination).cpp">
      <Filter>Source Files\DFS</Filter>
    </ClCompile>
    <ClCompile Include="강의_81_벨만-포드 알고리즘.cpp">
      <Filter>Source Files\알고리즘</Filter>
    </ClCompile>
    <ClCompile Include="강의_77친구인가Disjoint_set_Union_Find 알고리즘.cpp">
      <Filter>Source Files\알고리즘</Filter>
    </ClCompile>
    <ClCompile Include="강의_78원더랜드  Kruskal MST 최소스패닝트리알고리즘 Union_Find 활용.cpp">
      <Filter>Source Files\알고리즘</Filter>
    </ClCompile>
    <ClCompile Include="강의_79원더랜드  Kruskal MST 최소스패닝트리알고리즘 priority_queue 활용.cpp">
      <Filter>Source Files\알고리즘</Filter>
    </ClCompile>
    <ClCompile Include="강의_80_다익스트라 알고리즘.cpp">
      <Filter>Source Files\알고리즘</Filter>
    </ClCompile>
    <ClCompile Include="강의_76_이항계수(메모이제이션).cpp">
      <Filter>Source Files\알고리즘</Filter>
    </ClCompile>
    <ClCompile Include="강의_75최대 수입 스케쥴priority queue greedy 구조체와 Vector를 이용한 정렬.cpp">
      <Filter>Source Files\알고리즘</Filter>
    </ClCompile>
    <ClCompile Include="강의_71송아지 찾기 BFS  상태트리탐색.cpp">
      <Filter>Source Files\BFS</Filter>
    </ClCompile>
    <ClCompile Include="강의_70그래프 최단거리 BFS_Breadth First Search2.cpp">
      <Filter>Source Files\BFS</Filter>
    </ClCompile>
    <ClCompile Include="SAMSUNG_줄기세포배양.cpp">
      <Filter>Source Files\시뮬레이션</Filter>
    </ClCompile>
    <ClCompile Include="P_리틀프렌즈사천성.cpp">
      <Filter>Source Files\BFS</Filter>
    </ClCompile>
    <ClCompile Include="강의_61_특정수만들기MS인터뷰문제_DFS완전탐색.cpp">
      <Filter>Source Files\DFS</Filter>
    </ClCompile>
    <ClCompile Include="강의_63.인접행렬(가중치 노드연결).cpp">
      <Filter>Source Files\DFS</Filter>
    </ClCompile>
    <ClCompile Include="강의_67. 최소 비용 (그래프 DFS).cpp">
      <Filter>Source Files\DFS</Filter>
    </ClCompile>
    <ClCompile Include="강의_42_이분탐색.cpp">
      <Filter>Source Files\이분탐색</Filter>
    </ClCompile>
    <ClCompile Include="백준_2110_공유기설치[이분탐색SOL].cpp">
      <Filter>Source Files</Filter>
    </ClCompile>
    <ClCompile Include="1번.cpp">
      <Filter>Source Files\쿠팡CT</Filter>
    </ClCompile>
    <ClCompile Include="3번.cpp">
      <Filter>Source Files\쿠팡CT</Filter>
    </ClCompile>
    <ClCompile Include="4번.cpp">
      <Filter>Source Files\쿠팡CT</Filter>
    </ClCompile>
    <ClCompile Include="111.cpp">
      <Filter>Source Files\쿠팡CT</Filter>
    </ClCompile>
    <ClCompile Include="222.cpp">
      <Filter>Source Files\쿠팡CT</Filter>
    </ClCompile>
    <ClCompile Include="222222.cpp">
      <Filter>Source Files\쿠팡CT</Filter>
    </ClCompile>
    <ClCompile Include="쿠팡4번리팩토링.cpp">
      <Filter>Source Files\쿠팡CT</Filter>
    </ClCompile>
    <ClCompile Include="백준_14425문자열집합.cpp">
      <Filter>Source Files\자료구조활용</Filter>
    </ClCompile>
    <ClCompile Include="백준2110_공유기설치[dfs].cpp">
      <Filter>Source Files\DFS</Filter>
    </ClCompile>
    <ClCompile Include="강의_46멀티태스킹(카카오 먹방 문제 변형).cpp">
      <Filter>Source Files</Filter>
    </ClCompile>
    <ClCompile Include="강의_90 라이언 킹 심바(삼성 SW역량평가 기출BFS.cpp">
      <Filter>Source Files</Filter>
    </ClCompile>
    <ClCompile Include="11047_백준_동전0__.cpp">
      <Filter>Source Files</Filter>
    </ClCompile>
    <ClCompile Include="15686_치킨배달___.cpp">
      <Filter>Source Files</Filter>
    </ClCompile>
    <ClCompile Include="백준_14888_연산자 끼워넣기___.cpp">
      <Filter>Source Files</Filter>
    </ClCompile>
    <ClCompile Include="강의_52_Ugly Numbers[3포인트알고리즘].cpp">
      <Filter>Source Files</Filter>
    </ClCompile>
    <ClCompile Include="강의53_ K진수 출력.cpp">
      <Filter>Source Files</Filter>
    </ClCompile>
    <ClCompile Include="백준_2583_영역구하기.cpp">
      <Filter>Source Files</Filter>
    </ClCompile>
    <ClCompile Include="백준_2573_빙산temp.cpp">
      <Filter>Source Files</Filter>
    </ClCompile>
    <ClCompile Include="백준_2580_스도쿠h.cpp">
      <Filter>Source Files</Filter>
    </ClCompile>
    <ClCompile Include="백준_nnnn_늑대와양.cpp">
      <Filter>Source Files</Filter>
    </ClCompile>
    <ClCompile Include="백준_nnnn_안전영역.cpp">
      <Filter>Source Files</Filter>
    </ClCompile>
    <ClCompile Include="백준_6593_상범빌딩_bfs.cpp">
      <Filter>Source Files</Filter>
    </ClCompile>
    <ClCompile Include="백준_13459_구슬탈출.cpp">
      <Filter>Source Files</Filter>
    </ClCompile>
    <ClCompile Include="백준_14503_로봇 청소기h.cpp">
      <Filter>Source Files</Filter>
    </ClCompile>
    <ClCompile Include="백준_14503_로봇청소기.cpp">
      <Filter>Source Files</Filter>
    </ClCompile>
    <ClCompile Include="백준_17140_이차원배열과연산.cpp">
      <Filter>Source Files</Filter>
    </ClCompile>
    <ClCompile Include="백준_16234_인구이동.cpp">
      <Filter>Source Files</Filter>
    </ClCompile>
    <ClCompile Include="백준_12851_숨바꼭질.CPP">
      <Filter>Source Files</Filter>
    </ClCompile>
    <ClCompile Include="백준_13913_숨바꼭질4.cpp">
      <Filter>Source Files</Filter>
    </ClCompile>
  </ItemGroup>
  <ItemGroup>
    <None Include="강의_가방문제_냅색알고리즘.cpp">
      <Filter>Source Files\DP</Filter>
    </None>
  </ItemGroup>
</Project>